
Microsoft Visual Studio Solution File, Format Version 12.00
# Visual Studio Version 17
VisualStudioVersion = 17.13.35931.197 d17.13
MinimumVisualStudioVersion = 10.0.40219.1
Project("{FAE04EC0-301F-11D3-BF4B-00C04F79EFBC}") = "AuthMatrix", "AuthMatrix\AuthMatrix.csproj", "{4AA63A89-A4BE-4ABA-9116-0C7593EBD576}"
EndProject
Global
	GlobalSection(SolutionConfigurationPlatforms) = preSolution
		Debug|Any CPU = Debug|Any CPU
		Release|Any CPU = Release|Any CPU
	EndGlobalSection
	GlobalSection(ProjectConfigurationPlatforms) = postSolution
		{4AA63A89-A4BE-4ABA-9116-0C7593EBD576}.Debug|Any CPU.ActiveCfg = Debug|Any CPU
		{4AA63A89-A4BE-4ABA-9116-0C7593EBD576}.Debug|Any CPU.Build.0 = Debug|Any CPU
		{4AA63A89-A4BE-4ABA-9116-0C7593EBD576}.Release|Any CPU.ActiveCfg = Release|Any CPU
		{4AA63A89-A4BE-4ABA-9116-0C7593EBD576}.Release|Any CPU.Build.0 = Release|Any CPU
	EndGlobalSection
	GlobalSection(SolutionProperties) = preSolution
		HideSolutionNode = FALSE
	EndGlobalSection
	GlobalSection(ExtensibilityGlobals) = postSolution
		SolutionGuid = {CEBFD9EB-B6B0-4243-BF4E-B517A9996092}
	EndGlobalSection
EndGlobal
